// !$*UTF8*$!
{
	archiveVersion = 1;
	classes = {
	};
	objectVersion = 50;
	objects = {

/* Begin PBXBuildFile section */
		329CFF642335D86900F1B37B /* AppDelegate.swift in Sources */ = {isa = PBXBuildFile; fileRef = 329CFF632335D86900F1B37B /* AppDelegate.swift */; };
		329CFF662335D86900F1B37B /* ViewController.swift in Sources */ = {isa = PBXBuildFile; fileRef = 329CFF652335D86900F1B37B /* ViewController.swift */; };
		329CFF692335D86900F1B37B /* Main.storyboard in Resources */ = {isa = PBXBuildFile; fileRef = 329CFF672335D86900F1B37B /* Main.storyboard */; };
		329CFF6B2335D86B00F1B37B /* Assets.xcassets in Resources */ = {isa = PBXBuildFile; fileRef = 329CFF6A2335D86B00F1B37B /* Assets.xcassets */; };
		329CFF6E2335D86B00F1B37B /* LaunchScreen.storyboard in Resources */ = {isa = PBXBuildFile; fileRef = 329CFF6C2335D86B00F1B37B /* LaunchScreen.storyboard */; };
		329CFF792335D86B00F1B37B /* ConcentrationTests.swift in Sources */ = {isa = PBXBuildFile; fileRef = 329CFF782335D86B00F1B37B /* ConcentrationTests.swift */; };
		329CFF842335D86B00F1B37B /* ConcentrationUITests.swift in Sources */ = {isa = PBXBuildFile; fileRef = 329CFF832335D86B00F1B37B /* ConcentrationUITests.swift */; };
/* End PBXBuildFile section */

/* Begin PBXContainerItemProxy section */
		329CFF752335D86B00F1B37B /* PBXContainerItemProxy */ = {
			isa = PBXContainerItemProxy;
			containerPortal = 329CFF582335D86800F1B37B /* Project object */;
			proxyType = 1;
			remoteGlobalIDString = 329CFF5F2335D86900F1B37B;
			remoteInfo = Concentration;
		};
		329CFF802335D86B00F1B37B /* PBXContainerItemProxy */ = {
			isa = PBXContainerItemProxy;
			containerPortal = 329CFF582335D86800F1B37B /* Project object */;
			proxyType = 1;
			remoteGlobalIDString = 329CFF5F2335D86900F1B37B;
			remoteInfo = Concentration;
		};
/* End PBXContainerItemProxy section */

/* Begin PBXFileReference section */
		329CFF602335D86900F1B37B /* Concentration.app */ = {isa = PBXFileReference; explicitFileType = wrapper.application; includeInIndex = 0; path = Concentration.app; sourceTree = BUILT_PRODUCTS_DIR; };
		329CFF632335D86900F1B37B /* AppDelegate.swift */ = {isa = PBXFileReference; lastKnownFileType = sourcecode.swift; path = AppDelegate.swift; sourceTree = "<group>"; };
		329CFF652335D86900F1B37B /* ViewController.swift */ = {isa = PBXFileReference; lastKnownFileType = sourcecode.swift; path = ViewController.swift; sourceTree = "<group>"; };
		329CFF682335D86900F1B37B /* Base */ = {isa = PBXFileReference; lastKnownFileType = file.storyboard; name = Base; path = Base.lproj/Main.storyboard; sourceTree = "<group>"; };
		329CFF6A2335D86B00F1B37B /* Assets.xcassets */ = {isa = PBXFileReference; lastKnownFileType = folder.assetcatalog; path = Assets.xcassets; sourceTree = "<group>"; };
		329CFF6D2335D86B00F1B37B /* Base */ = {isa = PBXFileReference; lastKnownFileType = file.storyboard; name = Base; path = Base.lproj/LaunchScreen.storyboard; sourceTree = "<group>"; };
		329CFF6F2335D86B00F1B37B /* Info.plist */ = {isa = PBXFileReference; lastKnownFileType = text.plist.xml; path = Info.plist; sourceTree = "<group>"; };
		329CFF742335D86B00F1B37B /* ConcentrationTests.xctest */ = {isa = PBXFileReference; explicitFileType = wrapper.cfbundle; includeInIndex = 0; path = ConcentrationTests.xctest; sourceTree = BUILT_PRODUCTS_DIR; };
		329CFF782335D86B00F1B37B /* ConcentrationTests.swift */ = {isa = PBXFileReference; lastKnownFileType = sourcecode.swift; path = ConcentrationTests.swift; sourceTree = "<group>"; };
		329CFF7A2335D86B00F1B37B /* Info.plist */ = {isa = PBXFileReference; lastKnownFileType = text.plist.xml; path = Info.plist; sourceTree = "<group>"; };
		329CFF7F2335D86B00F1B37B /* ConcentrationUITests.xctest */ = {isa = PBXFileReference; explicitFileType = wrapper.cfbundle; includeInIndex = 0; path = ConcentrationUITests.xctest; sourceTree = BUILT_PRODUCTS_DIR; };
		329CFF832335D86B00F1B37B /* ConcentrationUITests.swift */ = {isa = PBXFileReference; lastKnownFileType = sourcecode.swift; path = ConcentrationUITests.swift; sourceTree = "<group>"; };
		329CFF852335D86B00F1B37B /* Info.plist */ = {isa = PBXFileReference; lastKnownFileType = text.plist.xml; path = Info.plist; sourceTree = "<group>"; };
/* End PBXFileReference section */

/* Begin PBXFrameworksBuildPhase section */
		329CFF5D2335D86900F1B37B /* Frameworks */ = {
			isa = PBXFrameworksBuildPhase;
			buildActionMask = 2147483647;
			files = (
			);
			runOnlyForDeploymentPostprocessing = 0;
		};
		329CFF712335D86B00F1B37B /* Frameworks */ = {
			isa = PBXFrameworksBuildPhase;
			buildActionMask = 2147483647;
			files = (
			);
			runOnlyForDeploymentPostprocessing = 0;
		};
		329CFF7C2335D86B00F1B37B /* Frameworks */ = {
			isa = PBXFrameworksBuildPhase;
			buildActionMask = 2147483647;
			files = (
			);
			runOnlyForDeploymentPostprocessing = 0;
		};
/* End PBXFrameworksBuildPhase section */

/* Begin PBXGroup section */
		329CFF572335D86800F1B37B = {
			isa = PBXGroup;
			children = (
				329CFF622335D86900F1B37B /* Concentration */,
				329CFF772335D86B00F1B37B /* ConcentrationTests */,
				329CFF822335D86B00F1B37B /* ConcentrationUITests */,
				329CFF612335D86900F1B37B /* Products */,
			);
			sourceTree = "<group>";
		};
		329CFF612335D86900F1B37B /* Products */ = {
			isa = PBXGroup;
			children = (
				329CFF602335D86900F1B37B /* Concentration.app */,
				329CFF742335D86B00F1B37B /* ConcentrationTests.xctest */,
				329CFF7F2335D86B00F1B37B /* ConcentrationUITests.xctest */,
			);
			name = Products;
			sourceTree = "<group>";
		};
		329CFF622335D86900F1B37B /* Concentration */ = {
			isa = PBXGroup;
			children = (
				329CFF652335D86900F1B37B /* ViewController.swift */,
				329CFF672335D86900F1B37B /* Main.storyboard */,
				329CFF912335D9F000F1B37B /* Supporting File */,
				329CFF6F2335D86B00F1B37B /* Info.plist */,
			);
			path = Concentration;
			sourceTree = "<group>";
		};
		329CFF772335D86B00F1B37B /* ConcentrationTests */ = {
			isa = PBXGroup;
			children = (
				329CFF782335D86B00F1B37B /* ConcentrationTests.swift */,
				329CFF7A2335D86B00F1B37B /* Info.plist */,
			);
			path = ConcentrationTests;
			sourceTree = "<group>";
		};
		329CFF822335D86B00F1B37B /* ConcentrationUITests */ = {
			isa = PBXGroup;
			children = (
				329CFF832335D86B00F1B37B /* ConcentrationUITests.swift */,
				329CFF852335D86B00F1B37B /* Info.plist */,
			);
			path = ConcentrationUITests;
			sourceTree = "<group>";
		};
		329CFF912335D9F000F1B37B /* Supporting File */ = {
			isa = PBXGroup;
			children = (
				329CFF632335D86900F1B37B /* AppDelegate.swift */,
				329CFF6A2335D86B00F1B37B /* Assets.xcassets */,
				329CFF6C2335D86B00F1B37B /* LaunchScreen.storyboard */,
			);
			path = "Supporting File";
			sourceTree = "<group>";
		};
/* End PBXGroup section */

/* Begin PBXNativeTarget section */
		329CFF5F2335D86900F1B37B /* Concentration */ = {
			isa = PBXNativeTarget;
			buildConfigurationList = 329CFF882335D86B00F1B37B /* Build configuration list for PBXNativeTarget "Concentration" */;
			buildPhases = (
				329CFF5C2335D86900F1B37B /* Sources */,
				329CFF5D2335D86900F1B37B /* Frameworks */,
				329CFF5E2335D86900F1B37B /* Resources */,
			);
			buildRules = (
			);
			dependencies = (
			);
			name = Concentration;
			productName = Concentration;
			productReference = 329CFF602335D86900F1B37B /* Concentration.app */;
			productType = "com.apple.product-type.application";
		};
		329CFF732335D86B00F1B37B /* ConcentrationTests */ = {
			isa = PBXNativeTarget;
			buildConfigurationList = 329CFF8B2335D86B00F1B37B /* Build configuration list for PBXNativeTarget "ConcentrationTests" */;
			buildPhases = (
				329CFF702335D86B00F1B37B /* Sources */,
				329CFF712335D86B00F1B37B /* Frameworks */,
				329CFF722335D86B00F1B37B /* Resources */,
			);
			buildRules = (
			);
			dependencies = (
				329CFF762335D86B00F1B37B /* PBXTargetDependency */,
			);
			name = ConcentrationTests;
			productName = ConcentrationTests;
			productReference = 329CFF742335D86B00F1B37B /* ConcentrationTests.xctest */;
			productType = "com.apple.product-type.bundle.unit-test";
		};
		329CFF7E2335D86B00F1B37B /* ConcentrationUITests */ = {
			isa = PBXNativeTarget;
			buildConfigurationList = 329CFF8E2335D86B00F1B37B /* Build configuration list for PBXNativeTarget "ConcentrationUITests" */;
			buildPhases = (
				329CFF7B2335D86B00F1B37B /* Sources */,
				329CFF7C2335D86B00F1B37B /* Frameworks */,
				329CFF7D2335D86B00F1B37B /* Resources */,
			);
			buildRules = (
			);
			dependencies = (
				329CFF812335D86B00F1B37B /* PBXTargetDependency */,
			);
			name = ConcentrationUITests;
			productName = ConcentrationUITests;
			productReference = 329CFF7F2335D86B00F1B37B /* ConcentrationUITests.xctest */;
			productType = "com.apple.product-type.bundle.ui-testing";
		};
/* End PBXNativeTarget section */

/* Begin PBXProject section */
		329CFF582335D86800F1B37B /* Project object */ = {
			isa = PBXProject;
			attributes = {
				LastSwiftUpdateCheck = 0940;
				LastUpgradeCheck = 0940;
				ORGANIZATIONNAME = "Jeffrey  Chiang ";
				TargetAttributes = {
					329CFF5F2335D86900F1B37B = {
						CreatedOnToolsVersion = 9.4.1;
					};
					329CFF732335D86B00F1B37B = {
						CreatedOnToolsVersion = 9.4.1;
						TestTargetID = 329CFF5F2335D86900F1B37B;
					};
					329CFF7E2335D86B00F1B37B = {
						CreatedOnToolsVersion = 9.4.1;
						TestTargetID = 329CFF5F2335D86900F1B37B;
					};
				};
			};
			buildConfigurationList = 329CFF5B2335D86800F1B37B /* Build configuration list for PBXProject "Concentration" */;
			compatibilityVersion = "Xcode 9.3";
			developmentRegion = en;
			hasScannedForEncodings = 0;
			knownRegions = (
				en,
				Base,
			);
			mainGroup = 329CFF572335D86800F1B37B;
			productRefGroup = 329CFF612335D86900F1B37B /* Products */;
			projectDirPath = "";
			projectRoot = "";
			targets = (
				329CFF5F2335D86900F1B37B /* Concentration */,
				329CFF732335D86B00F1B37B /* ConcentrationTests */,
				329CFF7E2335D86B00F1B37B /* ConcentrationUITests */,
			);
		};
/* End PBXProject section */

/* Begin PBXResourcesBuildPhase section */
		329CFF5E2335D86900F1B37B /* Resources */ = {
			isa = PBXResourcesBuildPhase;
			buildActionMask = 2147483647;
			files = (
				329CFF6E2335D86B00F1B37B /* LaunchScreen.storyboard in Resources */,
				329CFF6B2335D86B00F1B37B /* Assets.xcassets in Resources */,
				329CFF692335D86900F1B37B /* Main.storyboard in Resources */,
			);
			runOnlyForDeploymentPostprocessing = 0;
		};
		329CFF722335D86B00F1B37B /* Resources */ = {
			isa = PBXResourcesBuildPhase;
			buildActionMask = 2147483647;
			files = (
			);
			runOnlyForDeploymentPostprocessing = 0;
		};
		329CFF7D2335D86B00F1B37B /* Resources */ = {
			isa = PBXResourcesBuildPhase;
			buildActionMask = 2147483647;
			files = (
			);
			runOnlyForDeploymentPostprocessing = 0;
		};
/* End PBXResourcesBuildPhase section */

/* Begin PBXSourcesBuildPhase section */
		329CFF5C2335D86900F1B37B /* Sources */ = {
			isa = PBXSourcesBuildPhase;
			buildActionMask = 2147483647;
			files = (
				329CFF662335D86900F1B37B /* ViewController.swift in Sources */,
				329CFF642335D86900F1B37B /* AppDelegate.swift in Sources */,
			);
			runOnlyForDeploymentPostprocessing = 0;
		};
		329CFF702335D86B00F1B37B /* Sources */ = {
			isa = PBXSourcesBuildPhase;
			buildActionMask = 2147483647;
			files = (
				329CFF792335D86B00F1B37B /* ConcentrationTests.swift in Sources */,
			);
			runOnlyForDeploymentPostprocessing = 0;
		};
		329CFF7B2335D86B00F1B37B /* Sources */ = {
			isa = PBXSourcesBuildPhase;
			buildActionMask = 2147483647;
			files = (
				329CFF842335D86B00F1B37B /* ConcentrationUITests.swift in Sources */,
			);
			runOnlyForDeploymentPostprocessing = 0;
		};
/* End PBXSourcesBuildPhase section */

/* Begin PBXTargetDependency section */
		329CFF762335D86B00F1B37B /* PBXTargetDependency */ = {
			isa = PBXTargetDependency;
			target = 329CFF5F2335D86900F1B37B /* Concentration */;
			targetProxy = 329CFF752335D86B00F1B37B /* PBXContainerItemProxy */;
		};
		329CFF812335D86B00F1B37B /* PBXTargetDependency */ = {
			isa = PBXTargetDependency;
			target = 329CFF5F2335D86900F1B37B /* Concentration */;
			targetProxy = 329CFF802335D86B00F1B37B /* PBXContainerItemProxy */;
		};
/* End PBXTargetDependency section */

/* Begin PBXVariantGroup section */
		329CFF672335D86900F1B37B /* Main.storyboard */ = {
			isa = PBXVariantGroup;
			children = (
				329CFF682335D86900F1B37B /* Base */,
			);
			name = Main.storyboard;
			sourceTree = "<group>";
		};
		329CFF6C2335D86B00F1B37B /* LaunchScreen.storyboard */ = {
			isa = PBXVariantGroup;
			children = (
				329CFF6D2335D86B00F1B37B /* Base */,
			);
			name = LaunchScreen.storyboard;
			sourceTree = "<group>";
		};
/* End PBXVariantGroup section */

/* Begin XCBuildConfiguration section */
		329CFF862335D86B00F1B37B /* Debug */ = {
			isa = XCBuildConfiguration;
			buildSettings = {
				ALWAYS_SEARCH_USER_PATHS = NO;
				CLANG_ANALYZER_NONNULL = YES;
				CLANG_ANALYZER_NUMBER_OBJECT_CONVERSION = YES_AGGRESSIVE;
				CLANG_CXX_LANGUAGE_STANDARD = "gnu++14";
				CLANG_CXX_LIBRARY = "libc++";
				CLANG_ENABLE_MODULES = YES;
				CLANG_ENABLE_OBJC_ARC = YES;
				CLANG_ENABLE_OBJC_WEAK = YES;
				CLANG_WARN_BLOCK_CAPTURE_AUTORELEASING = YES;
				CLANG_WARN_BOOL_CONVERSION = YES;
				CLANG_WARN_COMMA = YES;
				CLANG_WARN_CONSTANT_CONVERSION = YES;
				CLANG_WARN_DEPRECATED_OBJC_IMPLEMENTATIONS = YES;
				CLANG_WARN_DIRECT_OBJC_ISA_USAGE = YES_ERROR;
				CLANG_WARN_DOCUMENTATION_COMMENTS = YES;
				CLANG_WARN_EMPTY_BODY = YES;
				CLANG_WARN_ENUM_CONVERSION = YES;
				CLANG_WARN_INFINITE_RECURSION = YES;
				CLANG_WARN_INT_CONVERSION = YES;
				CLANG_WARN_NON_LITERAL_NULL_CONVERSION = YES;
				CLANG_WARN_OBJC_IMPLICIT_RETAIN_SELF = YES;
				CLANG_WARN_OBJC_LITERAL_CONVERSION = YES;
				CLANG_WARN_OBJC_ROOT_CLASS = YES_ERROR;
				CLANG_WARN_RANGE_LOOP_ANALYSIS = YES;
				CLANG_WARN_STRICT_PROTOTYPES = YES;
				CLANG_WARN_SUSPICIOUS_MOVE = YES;
				CLANG_WARN_UNGUARDED_AVAILABILITY = YES_AGGRESSIVE;
				CLANG_WARN_UNREACHABLE_CODE = YES;
				CLANG_WARN__DUPLICATE_METHOD_MATCH = YES;
				CODE_SIGN_IDENTITY = "iPhone Developer";
				COPY_PHASE_STRIP = NO;
				DEBUG_INFORMATION_FORMAT = dwarf;
				ENABLE_STRICT_OBJC_MSGSEND = YES;
				ENABLE_TESTABILITY = YES;
				GCC_C_LANGUAGE_STANDARD = gnu11;
				GCC_DYNAMIC_NO_PIC = NO;
				GCC_NO_COMMON_BLOCKS = YES;
				GCC_OPTIMIZATION_LEVEL = 0;
				GCC_PREPROCESSOR_DEFINITIONS = (
					"DEBUG=1",
					"$(inherited)",
				);
				GCC_WARN_64_TO_32_BIT_CONVERSION = YES;
				GCC_WARN_ABOUT_RETURN_TYPE = YES_ERROR;
				GCC_WARN_UNDECLARED_SELECTOR = YES;
				GCC_WARN_UNINITIALIZED_AUTOS = YES_AGGRESSIVE;
				GCC_WARN_UNUSED_FUNCTION = YES;
				GCC_WARN_UNUSED_VARIABLE = YES;
				IPHONEOS_DEPLOYMENT_TARGET = 11.4;
				MTL_ENABLE_DEBUG_INFO = YES;
				ONLY_ACTIVE_ARCH = YES;
				SDKROOT = iphoneos;
				SWIFT_ACTIVE_COMPILATION_CONDITIONS = DEBUG;
				SWIFT_OPTIMIZATION_LEVEL = "-Onone";
			};
			name = Debug;
		};
		329CFF872335D86B00F1B37B /* Release */ = {
			isa = XCBuildConfiguration;
			buildSettings = {
				ALWAYS_SEARCH_USER_PATHS = NO;
				CLANG_ANALYZER_NONNULL = YES;
				CLANG_ANALYZER_NUMBER_OBJECT_CONVERSION = YES_AGGRESSIVE;
				CLANG_CXX_LANGUAGE_STANDARD = "gnu++14";
				CLANG_CXX_LIBRARY = "libc++";
				CLANG_ENABLE_MODULES = YES;
				CLANG_ENABLE_OBJC_ARC = YES;
				CLANG_ENABLE_OBJC_WEAK = YES;
				CLANG_WARN_BLOCK_CAPTURE_AUTORELEASING = YES;
				CLANG_WARN_BOOL_CONVERSION = YES;
				CLANG_WARN_COMMA = YES;
				CLANG_WARN_CONSTANT_CONVERSION = YES;
				CLANG_WARN_DEPRECATED_OBJC_IMPLEMENTATIONS = YES;
				CLANG_WARN_DIRECT_OBJC_ISA_USAGE = YES_ERROR;
				CLANG_WARN_DOCUMENTATION_COMMENTS = YES;
				CLANG_WARN_EMPTY_BODY = YES;
				CLANG_WARN_ENUM_CONVERSION = YES;
				CLANG_WARN_INFINITE_RECURSION = YES;
				CLANG_WARN_INT_CONVERSION = YES;
				CLANG_WARN_NON_LITERAL_NULL_CONVERSION = YES;
				CLANG_WARN_OBJC_IMPLICIT_RETAIN_SELF = YES;
				CLANG_WARN_OBJC_LITERAL_CONVERSION = YES;
				CLANG_WARN_OBJC_ROOT_CLASS = YES_ERROR;
				CLANG_WARN_RANGE_LOOP_ANALYSIS = YES;
				CLANG_WARN_STRICT_PROTOTYPES = YES;
				CLANG_WARN_SUSPICIOUS_MOVE = YES;
				CLANG_WARN_UNGUARDED_AVAILABILITY = YES_AGGRESSIVE;
				CLANG_WARN_UNREACHABLE_CODE = YES;
				CLANG_WARN__DUPLICATE_METHOD_MATCH = YES;
				CODE_SIGN_IDENTITY = "iPhone Developer";
				COPY_PHASE_STRIP = NO;
				DEBUG_INFORMATION_FORMAT = "dwarf-with-dsym";
				ENABLE_NS_ASSERTIONS = NO;
				ENABLE_STRICT_OBJC_MSGSEND = YES;
				GCC_C_LANGUAGE_STANDARD = gnu11;
				GCC_NO_COMMON_BLOCKS = YES;
				GCC_WARN_64_TO_32_BIT_CONVERSION = YES;
				GCC_WARN_ABOUT_RETURN_TYPE = YES_ERROR;
				GCC_WARN_UNDECLARED_SELECTOR = YES;
				GCC_WARN_UNINITIALIZED_AUTOS = YES_AGGRESSIVE;
				GCC_WARN_UNUSED_FUNCTION = YES;
				GCC_WARN_UNUSED_VARIABLE = YES;
				IPHONEOS_DEPLOYMENT_TARGET = 11.4;
				MTL_ENABLE_DEBUG_INFO = NO;
				SDKROOT = iphoneos;
				SWIFT_COMPILATION_MODE = wholemodule;
				SWIFT_OPTIMIZATION_LEVEL = "-O";
				VALIDATE_PRODUCT = YES;
			};
			name = Release;
		};
		329CFF892335D86B00F1B37B /* Debug */ = {
			isa = XCBuildConfiguration;
			buildSettings = {
				ASSETCATALOG_COMPILER_APPICON_NAME = AppIcon;
				CODE_SIGN_STYLE = Automatic;
				DEVELOPMENT_TEAM = 37SYLUBRJT;
				INFOPLIST_FILE = Concentration/Info.plist;
				LD_RUNPATH_SEARCH_PATHS = (
					"$(inherited)",
					"@executable_path/Frameworks",
				);
				PRODUCT_BUNDLE_IDENTIFIER = JCTGY.Concentration;
				PRODUCT_NAME = "$(TARGET_NAME)";
				SWIFT_VERSION = 4.0;
				TARGETED_DEVICE_FAMILY = "1,2";
			};
			name = Debug;
		};
		329CFF8A2335D86B00F1B37B /* Release */ = {
			isa = XCBuildConfiguration;
			buildSettings = {
				ASSETCATALOG_COMPILER_APPICON_NAME = AppIcon;
				CODE_SIGN_STYLE = Automatic;
				DEVELOPMENT_TEAM = 37SYLUBRJT;
				INFOPLIST_FILE = Concentration/Info.plist;
				LD_RUNPATH_SEARCH_PATHS = (
					"$(inherited)",
					"@executable_path/Frameworks",
				);
				PRODUCT_BUNDLE_IDENTIFIER = JCTGY.Concentration;
				PRODUCT_NAME = "$(TARGET_NAME)";
				SWIFT_VERSION = 4.0;
				TARGETED_DEVICE_FAMILY = "1,2";
			};
			name = Release;
		};
		329CFF8C2335D86B00F1B37B /* Debug */ = {
			isa = XCBuildConfiguration;
			buildSettings = {
				ALWAYS_EMBED_SWIFT_STANDARD_LIBRARIES = YES;
				BUNDLE_LOADER = "$(TEST_HOST)";
				CODE_SIGN_STYLE = Automatic;
				DEVELOPMENT_TEAM = 37SYLUBRJT;
				INFOPLIST_FILE = ConcentrationTests/Info.plist;
				LD_RUNPATH_SEARCH_PATHS = (
					"$(inherited)",
					"@executable_path/Frameworks",
					"@loader_path/Frameworks",
				);
				PRODUCT_BUNDLE_IDENTIFIER = JCTGY.ConcentrationTests;
				PRODUCT_NAME = "$(TARGET_NAME)";
				SWIFT_VERSION = 4.0;
				TARGETED_DEVICE_FAMILY = "1,2";
				TEST_HOST = "$(BUILT_PRODUCTS_DIR)/Concentration.app/Concentration";
			};
			name = Debug;
		};
		329CFF8D2335D86B00F1B37B /* Release */ = {
			isa = XCBuildConfiguration;
			buildSettings = {
				ALWAYS_EMBED_SWIFT_STANDARD_LIBRARIES = YES;
				BUNDLE_LOADER = "$(TEST_HOST)";
				CODE_SIGN_STYLE = Automatic;
				DEVELOPMENT_TEAM = 37SYLUBRJT;
				INFOPLIST_FILE = ConcentrationTests/Info.plist;
				LD_RUNPATH_SEARCH_PATHS = (
					"$(inherited)",
					"@executable_path/Frameworks",
					"@loader_path/Frameworks",
				);
				PRODUCT_BUNDLE_IDENTIFIER = JCTGY.ConcentrationTests;
				PRODUCT_NAME = "$(TARGET_NAME)";
				SWIFT_VERSION = 4.0;
				TARGETED_DEVICE_FAMILY = "1,2";
				TEST_HOST = "$(BUILT_PRODUCTS_DIR)/Concentration.app/Concentration";
			};
			name = Release;
		};
		329CFF8F2335D86B00F1B37B /* Debug */ = {
			isa = XCBuildConfiguration;
			buildSettings = {
				ALWAYS_EMBED_SWIFT_STANDARD_LIBRARIES = YES;
				CODE_SIGN_STYLE = Automatic;
				DEVELOPMENT_TEAM = 37SYLUBRJT;
				INFOPLIST_FILE = ConcentrationUITests/Info.plist;
				LD_RUNPATH_SEARCH_PATHS = (
					"$(inherited)",
					"@executable_path/Frameworks",
					"@loader_path/Frameworks",
				);
				PRODUCT_BUNDLE_IDENTIFIER = JCTGY.ConcentrationUITests;
				PRODUCT_NAME = "$(TARGET_NAME)";
				SWIFT_VERSION = 4.0;
				TARGETED_DEVICE_FAMILY = "1,2";
				TEST_TARGET_NAME = Concentration;
			};
			name = Debug;
		};
		329CFF902335D86B00F1B37B /* Release */ = {
			isa = XCBuildConfiguration;
			buildSettings = {
				ALWAYS_EMBED_SWIFT_STANDARD_LIBRARIES = YES;
				CODE_SIGN_STYLE = Automatic;
				DEVELOPMENT_TEAM = 37SYLUBRJT;
				INFOPLIST_FILE = ConcentrationUITests/Info.plist;
				LD_RUNPATH_SEARCH_PATHS = (
					"$(inherited)",
					"@executable_path/Frameworks",
					"@loader_path/Frameworks",
				);
				PRODUCT_BUNDLE_IDENTIFIER = JCTGY.ConcentrationUITests;
				PRODUCT_NAME = "$(TARGET_NAME)";
				SWIFT_VERSION = 4.0;
				TARGETED_DEVICE_FAMILY = "1,2";
				TEST_TARGET_NAME = Concentration;
			};
			name = Release;
		};
/* End XCBuildConfiguration section */

/* Begin XCConfigurationList section */
		329CFF5B2335D86800F1B37B /* Build configuration list for PBXProject "Concentration" */ = {
			isa = XCConfigurationList;
			buildConfigurations = (
				329CFF862335D86B00F1B37B /* Debug */,
				329CFF872335D86B00F1B37B /* Release */,
			);
			defaultConfigurationIsVisible = 0;
			defaultConfigurationName = Release;
		};
		329CFF882335D86B00F1B37B /* Build configuration list for PBXNativeTarget "Concentration" */ = {
			isa = XCConfigurationList;
			buildConfigurations = (
				329CFF892335D86B00F1B37B /* Debug */,
				329CFF8A2335D86B00F1B37B /* Release */,
			);
			defaultConfigurationIsVisible = 0;
			defaultConfigurationName = Release;
		};
		329CFF8B2335D86B00F1B37B /* Build configuration list for PBXNativeTarget "ConcentrationTests" */ = {
			isa = XCConfigurationList;
			buildConfigurations = (
				329CFF8C2335D86B00F1B37B /* Debug */,
				329CFF8D2335D86B00F1B37B /* Release */,
			);
			defaultConfigurationIsVisible = 0;
			defaultConfigurationName = Release;
		};
		329CFF8E2335D86B00F1B37B /* Build configuration list for PBXNativeTarget "ConcentrationUITests" */ = {
			isa = XCConfigurationList;
			buildConfigurations = (
				329CFF8F2335D86B00F1B37B /* Debug */,
				329CFF902335D86B00F1B37B /* Release */,
			);
			defaultConfigurationIsVisible = 0;
			defaultConfigurationName = Release;
		};
/* End XCConfigurationList section */
	};
	rootObject = 329CFF582335D86800F1B37B /* Project object */;
}
